// !$*UTF8*$!
{
	archiveVersion = 1;
	classes = {
	};
	objectVersion = 50;
	objects = {

/* Begin PBXBuildFile section */
		A128315F2355E3C300F92F22 /* ChecklistItem.swift in Sources */ = {isa = PBXBuildFile; fileRef = A128315E2355E3C300F92F22 /* ChecklistItem.swift */; };
		A12831612356F57100F92F22 /* AddItemViewController.swift in Sources */ = {isa = PBXBuildFile; fileRef = A12831602356F57100F92F22 /* AddItemViewController.swift */; };
		A19F31EB2352380F002B9195 /* AppDelegate.swift in Sources */ = {isa = PBXBuildFile; fileRef = A19F31EA2352380F002B9195 /* AppDelegate.swift */; };
		A19F31ED2352380F002B9195 /* SceneDelegate.swift in Sources */ = {isa = PBXBuildFile; fileRef = A19F31EC2352380F002B9195 /* SceneDelegate.swift */; };
		A19F31EF2352380F002B9195 /* ViewController.swift in Sources */ = {isa = PBXBuildFile; fileRef = A19F31EE2352380F002B9195 /* ViewController.swift */; };
		A19F31F22352380F002B9195 /* Main.storyboard in Resources */ = {isa = PBXBuildFile; fileRef = A19F31F02352380F002B9195 /* Main.storyboard */; };
		A19F31F423523812002B9195 /* Assets.xcassets in Resources */ = {isa = PBXBuildFile; fileRef = A19F31F323523812002B9195 /* Assets.xcassets */; };
		A19F31F723523812002B9195 /* LaunchScreen.storyboard in Resources */ = {isa = PBXBuildFile; fileRef = A19F31F523523812002B9195 /* LaunchScreen.storyboard */; };
		A19F31FF2352D41A002B9195 /* ChecklistViewController.swift in Sources */ = {isa = PBXBuildFile; fileRef = A19F31FE2352D41A002B9195 /* ChecklistViewController.swift */; };
/* End PBXBuildFile section */

/* Begin PBXFileReference section */
		A128315E2355E3C300F92F22 /* ChecklistItem.swift */ = {isa = PBXFileReference; lastKnownFileType = sourcecode.swift; path = ChecklistItem.swift; sourceTree = "<group>"; };
		A12831602356F57100F92F22 /* AddItemViewController.swift */ = {isa = PBXFileReference; lastKnownFileType = sourcecode.swift; path = AddItemViewController.swift; sourceTree = "<group>"; };
		A19F31E72352380F002B9195 /* CheckList_demo.app */ = {isa = PBXFileReference; explicitFileType = wrapper.application; includeInIndex = 0; path = CheckList_demo.app; sourceTree = BUILT_PRODUCTS_DIR; };
		A19F31EA2352380F002B9195 /* AppDelegate.swift */ = {isa = PBXFileReference; lastKnownFileType = sourcecode.swift; path = AppDelegate.swift; sourceTree = "<group>"; };
		A19F31EC2352380F002B9195 /* SceneDelegate.swift */ = {isa = PBXFileReference; lastKnownFileType = sourcecode.swift; path = SceneDelegate.swift; sourceTree = "<group>"; };
		A19F31EE2352380F002B9195 /* ViewController.swift */ = {isa = PBXFileReference; lastKnownFileType = sourcecode.swift; path = ViewController.swift; sourceTree = "<group>"; };
		A19F31F12352380F002B9195 /* Base */ = {isa = PBXFileReference; lastKnownFileType = file.storyboard; name = Base; path = Base.lproj/Main.storyboard; sourceTree = "<group>"; };
		A19F31F323523812002B9195 /* Assets.xcassets */ = {isa = PBXFileReference; lastKnownFileType = folder.assetcatalog; path = Assets.xcassets; sourceTree = "<group>"; };
		A19F31F623523812002B9195 /* Base */ = {isa = PBXFileReference; lastKnownFileType = file.storyboard; name = Base; path = Base.lproj/LaunchScreen.storyboard; sourceTree = "<group>"; };
		A19F31F823523812002B9195 /* Info.plist */ = {isa = PBXFileReference; lastKnownFileType = text.plist.xml; path = Info.plist; sourceTree = "<group>"; };
		A19F31FE2352D41A002B9195 /* ChecklistViewController.swift */ = {isa = PBXFileReference; lastKnownFileType = sourcecode.swift; path = ChecklistViewController.swift; sourceTree = "<group>"; };
/* End PBXFileReference section */

/* Begin PBXFrameworksBuildPhase section */
		A19F31E42352380F002B9195 /* Frameworks */ = {
			isa = PBXFrameworksBuildPhase;
			buildActionMask = 2147483647;
			files = (
			);
			runOnlyForDeploymentPostprocessing = 0;
		};
/* End PBXFrameworksBuildPhase section */

/* Begin PBXGroup section */
		A19F31DE2352380F002B9195 = {
			isa = PBXGroup;
			children = (
				A19F31E92352380F002B9195 /* CheckList_demo */,
				A19F31E82352380F002B9195 /* Products */,
			);
			sourceTree = "<group>";
		};
		A19F31E82352380F002B9195 /* Products */ = {
			isa = PBXGroup;
			children = (
				A19F31E72352380F002B9195 /* CheckList_demo.app */,
			);
			name = Products;
			sourceTree = "<group>";
		};
		A19F31E92352380F002B9195 /* CheckList_demo */ = {
			isa = PBXGroup;
			children = (
				A19F31EA2352380F002B9195 /* AppDelegate.swift */,
				A19F31EC2352380F002B9195 /* SceneDelegate.swift */,
				A19F31EE2352380F002B9195 /* ViewController.swift */,
				A19F31FE2352D41A002B9195 /* ChecklistViewController.swift */,
				A12831602356F57100F92F22 /* AddItemViewController.swift */,
				A128315E2355E3C300F92F22 /* ChecklistItem.swift */,
				A19F31F02352380F002B9195 /* Main.storyboard */,
				A19F31F323523812002B9195 /* Assets.xcassets */,
				A19F31F523523812002B9195 /* LaunchScreen.storyboard */,
				A19F31F823523812002B9195 /* Info.plist */,
			);
			path = CheckList_demo;
			sourceTree = "<group>";
		};
/* End PBXGroup section */

/* Begin PBXNativeTarget section */
		A19F31E62352380F002B9195 /* CheckList_demo */ = {
			isa = PBXNativeTarget;
			buildConfigurationList = A19F31FB23523812002B9195 /* Build configuration list for PBXNativeTarget "CheckList_demo" */;
			buildPhases = (
				A19F31E32352380F002B9195 /* Sources */,
				A19F31E42352380F002B9195 /* Frameworks */,
				A19F31E52352380F002B9195 /* Resources */,
			);
			buildRules = (
			);
			dependencies = (
			);
			name = CheckList_demo;
			productName = CheckList_demo;
			productReference = A19F31E72352380F002B9195 /* CheckList_demo.app */;
			productType = "com.apple.product-type.application";
		};
/* End PBXNativeTarget section */

/* Begin PBXProject section */
		A19F31DF2352380F002B9195 /* Project object */ = {
			isa = PBXProject;
			attributes = {
				LastSwiftUpdateCheck = 1110;
				LastUpgradeCheck = 1110;
				ORGANIZATIONNAME = gongchenjie.com;
				TargetAttributes = {
					A19F31E62352380F002B9195 = {
						CreatedOnToolsVersion = 11.1;
					};
				};
			};
			buildConfigurationList = A19F31E22352380F002B9195 /* Build configuration list for PBXProject "CheckList_demo" */;
			compatibilityVersion = "Xcode 9.3";
			developmentRegion = en;
			hasScannedForEncodings = 0;
			knownRegions = (
				en,
				Base,
			);
			mainGroup = A19F31DE2352380F002B9195;
			productRefGroup = A19F31E82352380F002B9195 /* Products */;
			projectDirPath = "";
			projectRoot = "";
			targets = (
				A19F31E62352380F002B9195 /* CheckList_demo */,
			);
		};
/* End PBXProject section */

/* Begin PBXResourcesBuildPhase section */
		A19F31E52352380F002B9195 /* Resources */ = {
			isa = PBXResourcesBuildPhase;
			buildActionMask = 2147483647;
			files = (
				A19F31F723523812002B9195 /* LaunchScreen.storyboard in Resources */,
				A19F31F423523812002B9195 /* Assets.xcassets in Resources */,
				A19F31F22352380F002B9195 /* Main.storyboard in Resources */,
			);
			runOnlyForDeploymentPostprocessing = 0;
		};
/* End PBXResourcesBuildPhase section */

/* Begin PBXSourcesBuildPhase section */
		A19F31E32352380F002B9195 /* Sources */ = {
			isa = PBXSourcesBuildPhase;
			buildActionMask = 2147483647;
			files = (
				A19F31EF2352380F002B9195 /* ViewController.swift in Sources */,
				A12831612356F57100F92F22 /* AddItemViewController.swift in Sources */,
				A128315F2355E3C300F92F22 /* ChecklistItem.swift in Sources */,
				A19F31FF2352D41A002B9195 /* ChecklistViewController.swift in Sources */,
				A19F31EB2352380F002B9195 /* AppDelegate.swift in Sources */,
				A19F31ED2352380F002B9195 /* SceneDelegate.swift in Sources */,
			);
			runOnlyForDeploymentPostprocessing = 0;
		};
/* End PBXSourcesBuildPhase section */

/* Begin PBXVariantGroup section */
		A19F31F02352380F002B9195 /* Main.storyboard */ = {
			isa = PBXVariantGroup;
			children = (
				A19F31F12352380F002B9195 /* Base */,
			);
			name = Main.storyboard;
			sourceTree = "<group>";
		};
		A19F31F523523812002B9195 /* LaunchScreen.storyboard */ = {
			isa = PBXVariantGroup;
			children = (
				A19F31F623523812002B9195 /* Base */,
			);
			name = LaunchScreen.storyboard;
			sourceTree = "<group>";
		};
/* End PBXVariantGroup section */

/* Begin XCBuildConfiguration section */
		A19F31F923523812002B9195 /* Debug */ = {
			isa = XCBuildConfiguration;
			buildSettings = {
				ALWAYS_SEARCH_USER_PATHS = NO;
				CLANG_ANALYZER_NONNULL = YES;
				CLANG_ANALYZER_NUMBER_OBJECT_CONVERSION = YES_AGGRESSIVE;
				CLANG_CXX_LANGUAGE_STANDARD = "gnu++14";
				CLANG_CXX_LIBRARY = "libc++";
				CLANG_ENABLE_MODULES = YES;
				CLANG_ENABLE_OBJC_ARC = YES;
				CLANG_ENABLE_OBJC_WEAK = YES;
				CLANG_WARN_BLOCK_CAPTURE_AUTORELEASING = YES;
				CLANG_WARN_BOOL_CONVERSION = YES;
				CLANG_WARN_COMMA = YES;
				CLANG_WARN_CONSTANT_CONVERSION = YES;
				CLANG_WARN_DEPRECATED_OBJC_IMPLEMENTATIONS = YES;
				CLANG_WARN_DIRECT_OBJC_ISA_USAGE = YES_ERROR;
				CLANG_WARN_DOCUMENTATION_COMMENTS = YES;
				CLANG_WARN_EMPTY_BODY = YES;
				CLANG_WARN_ENUM_CONVERSION = YES;
				CLANG_WARN_INFINITE_RECURSION = YES;
				CLANG_WARN_INT_CONVERSION = YES;
				CLANG_WARN_NON_LITERAL_NULL_CONVERSION = YES;
				CLANG_WARN_OBJC_IMPLICIT_RETAIN_SELF = YES;
				CLANG_WARN_OBJC_LITERAL_CONVERSION = YES;
				CLANG_WARN_OBJC_ROOT_CLASS = YES_ERROR;
				CLANG_WARN_RANGE_LOOP_ANALYSIS = YES;
				CLANG_WARN_STRICT_PROTOTYPES = YES;
				CLANG_WARN_SUSPICIOUS_MOVE = YES;
				CLANG_WARN_UNGUARDED_AVAILABILITY = YES_AGGRESSIVE;
				CLANG_WARN_UNREACHABLE_CODE = YES;
				CLANG_WARN__DUPLICATE_METHOD_MATCH = YES;
				COPY_PHASE_STRIP = NO;
				DEBUG_INFORMATION_FORMAT = dwarf;
				ENABLE_STRICT_OBJC_MSGSEND = YES;
				ENABLE_TESTABILITY = YES;
				GCC_C_LANGUAGE_STANDARD = gnu11;
				GCC_DYNAMIC_NO_PIC = NO;
				GCC_NO_COMMON_BLOCKS = YES;
				GCC_OPTIMIZATION_LEVEL = 0;
				GCC_PREPROCESSOR_DEFINITIONS = (
					"DEBUG=1",
					"$(inherited)",
				);
				GCC_WARN_64_TO_32_BIT_CONVERSION = YES;
				GCC_WARN_ABOUT_RETURN_TYPE = YES_ERROR;
				GCC_WARN_UNDECLARED_SELECTOR = YES;
				GCC_WARN_UNINITIALIZED_AUTOS = YES_AGGRESSIVE;
				GCC_WARN_UNUSED_FUNCTION = YES;
				GCC_WARN_UNUSED_VARIABLE = YES;
				IPHONEOS_DEPLOYMENT_TARGET = 13.1;
				MTL_ENABLE_DEBUG_INFO = INCLUDE_SOURCE;
				MTL_FAST_MATH = YES;
				ONLY_ACTIVE_ARCH = YES;
				SDKROOT = iphoneos;
				SWIFT_ACTIVE_COMPILATION_CONDITIONS = DEBUG;
				SWIFT_OPTIMIZATION_LEVEL = "-Onone";
			};
			name = Debug;
		};
		A19F31FA23523812002B9195 /* Release */ = {
			isa = XCBuildConfiguration;
			buildSettings = {
				ALWAYS_SEARCH_USER_PATHS = NO;
				CLANG_ANALYZER_NONNULL = YES;
				CLANG_ANALYZER_NUMBER_OBJECT_CONVERSION = YES_AGGRESSIVE;
				CLANG_CXX_LANGUAGE_STANDARD = "gnu++14";
				CLANG_CXX_LIBRARY = "libc++";
				CLANG_ENABLE_MODULES = YES;
				CLANG_ENABLE_OBJC_ARC = YES;
				CLANG_ENABLE_OBJC_WEAK = YES;
				CLANG_WARN_BLOCK_CAPTURE_AUTORELEASING = YES;
				CLANG_WARN_BOOL_CONVERSION = YES;
				CLANG_WARN_COMMA = YES;
				CLANG_WARN_CONSTANT_CONVERSION = YES;
				CLANG_WARN_DEPRECATED_OBJC_IMPLEMENTATIONS = YES;
				CLANG_WARN_DIRECT_OBJC_ISA_USAGE = YES_ERROR;
				CLANG_WARN_DOCUMENTATION_COMMENTS = YES;
				CLANG_WARN_EMPTY_BODY = YES;
				CLANG_WARN_ENUM_CONVERSION = YES;
				CLANG_WARN_INFINITE_RECURSION = YES;
				CLANG_WARN_INT_CONVERSION = YES;
				CLANG_WARN_NON_LITERAL_NULL_CONVERSION = YES;
				CLANG_WARN_OBJC_IMPLICIT_RETAIN_SELF = YES;
				CLANG_WARN_OBJC_LITERAL_CONVERSION = YES;
				CLANG_WARN_OBJC_ROOT_CLASS = YES_ERROR;
				CLANG_WARN_RANGE_LOOP_ANALYSIS = YES;
				CLANG_WARN_STRICT_PROTOTYPES = YES;
				CLANG_WARN_SUSPICIOUS_MOVE = YES;
				CLANG_WARN_UNGUARDED_AVAILABILITY = YES_AGGRESSIVE;
				CLANG_WARN_UNREACHABLE_CODE = YES;
				CLANG_WARN__DUPLICATE_METHOD_MATCH = YES;
				COPY_PHASE_STRIP = NO;
				DEBUG_INFORMATION_FORMAT = "dwarf-with-dsym";
				ENABLE_NS_ASSERTIONS = NO;
				ENABLE_STRICT_OBJC_MSGSEND = YES;
				GCC_C_LANGUAGE_STANDARD = gnu11;
				GCC_NO_COMMON_BLOCKS = YES;
				GCC_WARN_64_TO_32_BIT_CONVERSION = YES;
				GCC_WARN_ABOUT_RETURN_TYPE = YES_ERROR;
				GCC_WARN_UNDECLARED_SELECTOR = YES;
				GCC_WARN_UNINITIALIZED_AUTOS = YES_AGGRESSIVE;
				GCC_WARN_UNUSED_FUNCTION = YES;
				GCC_WARN_UNUSED_VARIABLE = YES;
				IPHONEOS_DEPLOYMENT_TARGET = 13.1;
				MTL_ENABLE_DEBUG_INFO = NO;
				MTL_FAST_MATH = YES;
				SDKROOT = iphoneos;
				SWIFT_COMPILATION_MODE = wholemodule;
				SWIFT_OPTIMIZATION_LEVEL = "-O";
				VALIDATE_PRODUCT = YES;
			};
			name = Release;
		};
		A19F31FC23523812002B9195 /* Debug */ = {
			isa = XCBuildConfiguration;
			buildSettings = {
				ASSETCATALOG_COMPILER_APPICON_NAME = AppIcon;
				CODE_SIGN_STYLE = Automatic;
				DEVELOPMENT_TEAM = AR87LM8DQB;
				INFOPLIST_FILE = CheckList_demo/Info.plist;
				LD_RUNPATH_SEARCH_PATHS = (
					"$(inherited)",
					"@executable_path/Frameworks",
				);
				PRODUCT_BUNDLE_IDENTIFIER = "GCJ.CheckList-demo";
				PRODUCT_NAME = "$(TARGET_NAME)";
				SWIFT_VERSION = 5.0;
				TARGETED_DEVICE_FAMILY = "1,2";
			};
			name = Debug;
		};
		A19F31FD23523812002B9195 /* Release */ = {
			isa = XCBuildConfiguration;
			buildSettings = {
				ASSETCATALOG_COMPILER_APPICON_NAME = AppIcon;
				CODE_SIGN_STYLE = Automatic;
				DEVELOPMENT_TEAM = AR87LM8DQB;
				INFOPLIST_FILE = CheckList_demo/Info.plist;
				LD_RUNPATH_SEARCH_PATHS = (
					"$(inherited)",
					"@executable_path/Frameworks",
				);
				PRODUCT_BUNDLE_IDENTIFIER = "GCJ.CheckList-demo";
				PRODUCT_NAME = "$(TARGET_NAME)";
				SWIFT_VERSION = 5.0;
				TARGETED_DEVICE_FAMILY = "1,2";
			};
			name = Release;
		};
/* End XCBuildConfiguration section */

/* Begin XCConfigurationList section */
		A19F31E22352380F002B9195 /* Build configuration list for PBXProject "CheckList_demo" */ = {
			isa = XCConfigurationList;
			buildConfigurations = (
				A19F31F923523812002B9195 /* Debug */,
				A19F31FA23523812002B9195 /* Release */,
			);
			defaultConfigurationIsVisible = 0;
			defaultConfigurationName = Release;
		};
		A19F31FB23523812002B9195 /* Build configuration list for PBXNativeTarget "CheckList_demo" */ = {
			isa = XCConfigurationList;
			buildConfigurations = (
				A19F31FC23523812002B9195 /* Debug */,
				A19F31FD23523812002B9195 /* Release */,
			);
			defaultConfigurationIsVisible = 0;
			defaultConfigurationName = Release;
		};
/* End XCConfigurationList section */
	};
	rootObject = A19F31DF2352380F002B9195 /* Project object */;
}
